
Microsoft Visual Studio Solution File, Format Version 12.00
# Visual Studio Version 17
VisualStudioVersion = 17.0.31903.59
MinimumVisualStudioVersion = 10.0.40219.1
Project("{FAE04EC0-301F-11D3-BF4B-00C04F79EFBC}") = "MinimalAPI", "MinimalAPI\MinimalAPI.csproj", "{2A3310DE-D0C5-4F3D-9393-7B9B18E0DAAC}"
EndProject
Global
	GlobalSection(SolutionConfigurationPlatforms) = preSolution
		Debug|Any CPU = Debug|Any CPU
		Release|Any CPU = Release|Any CPU
	EndGlobalSection
	GlobalSection(ProjectConfigurationPlatforms) = postSolution
		{2A3310DE-D0C5-4F3D-9393-7B9B18E0DAAC}.Debug|Any CPU.ActiveCfg = Debug|Any CPU
		{2A3310DE-D0C5-4F3D-9393-7B9B18E0DAAC}.Debug|Any CPU.Build.0 = Debug|Any CPU
		{2A3310DE-D0C5-4F3D-9393-7B9B18E0DAAC}.Release|Any CPU.ActiveCfg = Release|Any CPU
		{2A3310DE-D0C5-4F3D-9393-7B9B18E0DAAC}.Release|Any CPU.Build.0 = Release|Any CPU
	EndGlobalSection
	GlobalSection(SolutionProperties) = preSolution
		HideSolutionNode = FALSE
	EndGlobalSection
	GlobalSection(ExtensibilityGlobals) = postSolution
		SolutionGuid = {102D680B-25BC-465B-9A2E-B62ADA07C37C}
	EndGlobalSection
EndGlobal
